// !$*UTF8*$!
{
	archiveVersion = 1;
	classes = {
	};
	objectVersion = 48;
	objects = {

/* Begin PBXBuildFile section */
		82A2D6359A9358ADB123D125 /* Pods_GoiUp.framework in Frameworks */ = {isa = PBXBuildFile; fileRef = 95D1057C40E0FDFE0C2909CE /* Pods_GoiUp.framework */; };
		853099C820BD5BBB00080BE8 /* ColorViewController.swift in Sources */ = {isa = PBXBuildFile; fileRef = 853099C720BD5BBB00080BE8 /* ColorViewController.swift */; };
		859753CD20EB861D009E1C15 /* SLIDERViewController.swift in Sources */ = {isa = PBXBuildFile; fileRef = 859753CC20EB861C009E1C15 /* SLIDERViewController.swift */; };
		85BDBA0020AAED42004B3C9B /* AppDelegate.swift in Sources */ = {isa = PBXBuildFile; fileRef = 85BDB9FF20AAED42004B3C9B /* AppDelegate.swift */; };
		85BDBA0220AAED42004B3C9B /* ViewController.swift in Sources */ = {isa = PBXBuildFile; fileRef = 85BDBA0120AAED42004B3C9B /* ViewController.swift */; };
		85BDBA0520AAED42004B3C9B /* Main.storyboard in Resources */ = {isa = PBXBuildFile; fileRef = 85BDBA0320AAED42004B3C9B /* Main.storyboard */; };
		85BDBA0720AAED42004B3C9B /* Assets.xcassets in Resources */ = {isa = PBXBuildFile; fileRef = 85BDBA0620AAED42004B3C9B /* Assets.xcassets */; };
		85BDBA0A20AAED42004B3C9B /* LaunchScreen.storyboard in Resources */ = {isa = PBXBuildFile; fileRef = 85BDBA0820AAED42004B3C9B /* LaunchScreen.storyboard */; };
		85BDBA1520AAED42004B3C9B /* GoiUpTests.swift in Sources */ = {isa = PBXBuildFile; fileRef = 85BDBA1420AAED42004B3C9B /* GoiUpTests.swift */; };
		85BDBA2020AAED42004B3C9B /* GoiUpUITests.swift in Sources */ = {isa = PBXBuildFile; fileRef = 85BDBA1F20AAED42004B3C9B /* GoiUpUITests.swift */; };
		85BDBA2E20AAED74004B3C9B /* Word.swift in Sources */ = {isa = PBXBuildFile; fileRef = 85BDBA2D20AAED74004B3C9B /* Word.swift */; };
		AA6B0CA920F4BB1700CF3081 /* FirstViewController.swift in Sources */ = {isa = PBXBuildFile; fileRef = AA6B0CA820F4BB1700CF3081 /* FirstViewController.swift */; };
		AA6B0CAB20F4BB2800CF3081 /* SecondViewController.swift in Sources */ = {isa = PBXBuildFile; fileRef = AA6B0CAA20F4BB2800CF3081 /* SecondViewController.swift */; };
		AA6B0CAD20F4BB5100CF3081 /* ThirdViewController.swift in Sources */ = {isa = PBXBuildFile; fileRef = AA6B0CAC20F4BB5100CF3081 /* ThirdViewController.swift */; };
/* End PBXBuildFile section */

/* Begin PBXContainerItemProxy section */
		85BDBA1120AAED42004B3C9B /* PBXContainerItemProxy */ = {
			isa = PBXContainerItemProxy;
			containerPortal = 85BDB9F420AAED42004B3C9B /* Project object */;
			proxyType = 1;
			remoteGlobalIDString = 85BDB9FB20AAED42004B3C9B;
			remoteInfo = GoiUp;
		};
		85BDBA1C20AAED42004B3C9B /* PBXContainerItemProxy */ = {
			isa = PBXContainerItemProxy;
			containerPortal = 85BDB9F420AAED42004B3C9B /* Project object */;
			proxyType = 1;
			remoteGlobalIDString = 85BDB9FB20AAED42004B3C9B;
			remoteInfo = GoiUp;
		};
/* End PBXContainerItemProxy section */

/* Begin PBXFileReference section */
		262636661C97B1BCB11DCD91 /* Pods-GoiUp.debug.xcconfig */ = {isa = PBXFileReference; includeInIndex = 1; lastKnownFileType = text.xcconfig; name = "Pods-GoiUp.debug.xcconfig"; path = "Pods/Target Support Files/Pods-GoiUp/Pods-GoiUp.debug.xcconfig"; sourceTree = "<group>"; };
		853099C720BD5BBB00080BE8 /* ColorViewController.swift */ = {isa = PBXFileReference; lastKnownFileType = sourcecode.swift; path = ColorViewController.swift; sourceTree = "<group>"; };
		859753CC20EB861C009E1C15 /* SLIDERViewController.swift */ = {isa = PBXFileReference; lastKnownFileType = sourcecode.swift; path = SLIDERViewController.swift; sourceTree = "<group>"; };
		85BDB9FC20AAED42004B3C9B /* GoiUp.app */ = {isa = PBXFileReference; explicitFileType = wrapper.application; includeInIndex = 0; path = GoiUp.app; sourceTree = BUILT_PRODUCTS_DIR; };
		85BDB9FF20AAED42004B3C9B /* AppDelegate.swift */ = {isa = PBXFileReference; lastKnownFileType = sourcecode.swift; path = AppDelegate.swift; sourceTree = "<group>"; };
		85BDBA0120AAED42004B3C9B /* ViewController.swift */ = {isa = PBXFileReference; lastKnownFileType = sourcecode.swift; path = ViewController.swift; sourceTree = "<group>"; };
		85BDBA0420AAED42004B3C9B /* Base */ = {isa = PBXFileReference; lastKnownFileType = file.storyboard; name = Base; path = Base.lproj/Main.storyboard; sourceTree = "<group>"; };
		85BDBA0620AAED42004B3C9B /* Assets.xcassets */ = {isa = PBXFileReference; lastKnownFileType = folder.assetcatalog; path = Assets.xcassets; sourceTree = "<group>"; };
		85BDBA0920AAED42004B3C9B /* Base */ = {isa = PBXFileReference; lastKnownFileType = file.storyboard; name = Base; path = Base.lproj/LaunchScreen.storyboard; sourceTree = "<group>"; };
		85BDBA0B20AAED42004B3C9B /* Info.plist */ = {isa = PBXFileReference; lastKnownFileType = text.plist.xml; path = Info.plist; sourceTree = "<group>"; };
		85BDBA1020AAED42004B3C9B /* GoiUpTests.xctest */ = {isa = PBXFileReference; explicitFileType = wrapper.cfbundle; includeInIndex = 0; path = GoiUpTests.xctest; sourceTree = BUILT_PRODUCTS_DIR; };
		85BDBA1420AAED42004B3C9B /* GoiUpTests.swift */ = {isa = PBXFileReference; lastKnownFileType = sourcecode.swift; path = GoiUpTests.swift; sourceTree = "<group>"; };
		85BDBA1620AAED42004B3C9B /* Info.plist */ = {isa = PBXFileReference; lastKnownFileType = text.plist.xml; path = Info.plist; sourceTree = "<group>"; };
		85BDBA1B20AAED42004B3C9B /* GoiUpUITests.xctest */ = {isa = PBXFileReference; explicitFileType = wrapper.cfbundle; includeInIndex = 0; path = GoiUpUITests.xctest; sourceTree = BUILT_PRODUCTS_DIR; };
		85BDBA1F20AAED42004B3C9B /* GoiUpUITests.swift */ = {isa = PBXFileReference; lastKnownFileType = sourcecode.swift; path = GoiUpUITests.swift; sourceTree = "<group>"; };
		85BDBA2120AAED42004B3C9B /* Info.plist */ = {isa = PBXFileReference; lastKnownFileType = text.plist.xml; path = Info.plist; sourceTree = "<group>"; };
		85BDBA2D20AAED74004B3C9B /* Word.swift */ = {isa = PBXFileReference; lastKnownFileType = sourcecode.swift; path = Word.swift; sourceTree = "<group>"; };
		8C3BA87B713710E963AB027E /* Pods-GoiUp.release.xcconfig */ = {isa = PBXFileReference; includeInIndex = 1; lastKnownFileType = text.xcconfig; name = "Pods-GoiUp.release.xcconfig"; path = "Pods/Target Support Files/Pods-GoiUp/Pods-GoiUp.release.xcconfig"; sourceTree = "<group>"; };
		95D1057C40E0FDFE0C2909CE /* Pods_GoiUp.framework */ = {isa = PBXFileReference; explicitFileType = wrapper.framework; includeInIndex = 0; path = Pods_GoiUp.framework; sourceTree = BUILT_PRODUCTS_DIR; };
		AA6B0CA820F4BB1700CF3081 /* FirstViewController.swift */ = {isa = PBXFileReference; lastKnownFileType = sourcecode.swift; path = FirstViewController.swift; sourceTree = "<group>"; };
		AA6B0CAA20F4BB2800CF3081 /* SecondViewController.swift */ = {isa = PBXFileReference; lastKnownFileType = sourcecode.swift; path = SecondViewController.swift; sourceTree = "<group>"; };
		AA6B0CAC20F4BB5100CF3081 /* ThirdViewController.swift */ = {isa = PBXFileReference; lastKnownFileType = sourcecode.swift; path = ThirdViewController.swift; sourceTree = "<group>"; };
/* End PBXFileReference section */

/* Begin PBXFrameworksBuildPhase section */
		85BDB9F920AAED42004B3C9B /* Frameworks */ = {
			isa = PBXFrameworksBuildPhase;
			buildActionMask = 2147483647;
			files = (
				82A2D6359A9358ADB123D125 /* Pods_GoiUp.framework in Frameworks */,
			);
			runOnlyForDeploymentPostprocessing = 0;
		};
		85BDBA0D20AAED42004B3C9B /* Frameworks */ = {
			isa = PBXFrameworksBuildPhase;
			buildActionMask = 2147483647;
			files = (
			);
			runOnlyForDeploymentPostprocessing = 0;
		};
		85BDBA1820AAED42004B3C9B /* Frameworks */ = {
			isa = PBXFrameworksBuildPhase;
			buildActionMask = 2147483647;
			files = (
			);
			runOnlyForDeploymentPostprocessing = 0;
		};
/* End PBXFrameworksBuildPhase section */

/* Begin PBXGroup section */
		70720ED36A4D4A4983FF39E6 /* Pods */ = {
			isa = PBXGroup;
			children = (
				262636661C97B1BCB11DCD91 /* Pods-GoiUp.debug.xcconfig */,
				8C3BA87B713710E963AB027E /* Pods-GoiUp.release.xcconfig */,
			);
			name = Pods;
			sourceTree = "<group>";
		};
		85BDB9F320AAED42004B3C9B = {
			isa = PBXGroup;
			children = (
				85BDB9FE20AAED42004B3C9B /* GoiUp */,
				85BDBA1320AAED42004B3C9B /* GoiUpTests */,
				85BDBA1E20AAED42004B3C9B /* GoiUpUITests */,
				85BDB9FD20AAED42004B3C9B /* Products */,
				70720ED36A4D4A4983FF39E6 /* Pods */,
				F74B17A65A8FDBB22ED3B5D5 /* Frameworks */,
			);
			sourceTree = "<group>";
		};
		85BDB9FD20AAED42004B3C9B /* Products */ = {
			isa = PBXGroup;
			children = (
				85BDB9FC20AAED42004B3C9B /* GoiUp.app */,
				85BDBA1020AAED42004B3C9B /* GoiUpTests.xctest */,
				85BDBA1B20AAED42004B3C9B /* GoiUpUITests.xctest */,
			);
			name = Products;
			sourceTree = "<group>";
		};
		85BDB9FE20AAED42004B3C9B /* GoiUp */ = {
			isa = PBXGroup;
			children = (
				85BDB9FF20AAED42004B3C9B /* AppDelegate.swift */,
				85BDBA0120AAED42004B3C9B /* ViewController.swift */,
				859753CC20EB861C009E1C15 /* SLIDERViewController.swift */,
				AA6B0CA820F4BB1700CF3081 /* FirstViewController.swift */,
				AA6B0CAA20F4BB2800CF3081 /* SecondViewController.swift */,
				AA6B0CAC20F4BB5100CF3081 /* ThirdViewController.swift */,
				85BDBA2D20AAED74004B3C9B /* Word.swift */,
				85BDBA0320AAED42004B3C9B /* Main.storyboard */,
				853099C720BD5BBB00080BE8 /* ColorViewController.swift */,
				85BDBA0620AAED42004B3C9B /* Assets.xcassets */,
				85BDBA0820AAED42004B3C9B /* LaunchScreen.storyboard */,
				85BDBA0B20AAED42004B3C9B /* Info.plist */,
			);
			path = GoiUp;
			sourceTree = "<group>";
		};
		85BDBA1320AAED42004B3C9B /* GoiUpTests */ = {
			isa = PBXGroup;
			children = (
				85BDBA1420AAED42004B3C9B /* GoiUpTests.swift */,
				85BDBA1620AAED42004B3C9B /* Info.plist */,
			);
			path = GoiUpTests;
			sourceTree = "<group>";
		};
		85BDBA1E20AAED42004B3C9B /* GoiUpUITests */ = {
			isa = PBXGroup;
			children = (
				85BDBA1F20AAED42004B3C9B /* GoiUpUITests.swift */,
				85BDBA2120AAED42004B3C9B /* Info.plist */,
			);
			path = GoiUpUITests;
			sourceTree = "<group>";
		};
		F74B17A65A8FDBB22ED3B5D5 /* Frameworks */ = {
			isa = PBXGroup;
			children = (
				95D1057C40E0FDFE0C2909CE /* Pods_GoiUp.framework */,
			);
			name = Frameworks;
			sourceTree = "<group>";
		};
/* End PBXGroup section */

/* Begin PBXNativeTarget section */
		85BDB9FB20AAED42004B3C9B /* GoiUp */ = {
			isa = PBXNativeTarget;
			buildConfigurationList = 85BDBA2420AAED42004B3C9B /* Build configuration list for PBXNativeTarget "GoiUp" */;
			buildPhases = (
				4A4210F9C2D4B566FF995287 /* [CP] Check Pods Manifest.lock */,
				85BDB9F820AAED42004B3C9B /* Sources */,
				85BDB9F920AAED42004B3C9B /* Frameworks */,
				85BDB9FA20AAED42004B3C9B /* Resources */,
				11629C33B4862BB0ABC52780 /* [CP] Embed Pods Frameworks */,
				C06F62C4A136393B447F0152 /* [CP] Copy Pods Resources */,
			);
			buildRules = (
			);
			dependencies = (
			);
			name = GoiUp;
			productName = GoiUp;
			productReference = 85BDB9FC20AAED42004B3C9B /* GoiUp.app */;
			productType = "com.apple.product-type.application";
		};
		85BDBA0F20AAED42004B3C9B /* GoiUpTests */ = {
			isa = PBXNativeTarget;
			buildConfigurationList = 85BDBA2720AAED42004B3C9B /* Build configuration list for PBXNativeTarget "GoiUpTests" */;
			buildPhases = (
				85BDBA0C20AAED42004B3C9B /* Sources */,
				85BDBA0D20AAED42004B3C9B /* Frameworks */,
				85BDBA0E20AAED42004B3C9B /* Resources */,
			);
			buildRules = (
			);
			dependencies = (
				85BDBA1220AAED42004B3C9B /* PBXTargetDependency */,
			);
			name = GoiUpTests;
			productName = GoiUpTests;
			productReference = 85BDBA1020AAED42004B3C9B /* GoiUpTests.xctest */;
			productType = "com.apple.product-type.bundle.unit-test";
		};
		85BDBA1A20AAED42004B3C9B /* GoiUpUITests */ = {
			isa = PBXNativeTarget;
			buildConfigurationList = 85BDBA2A20AAED42004B3C9B /* Build configuration list for PBXNativeTarget "GoiUpUITests" */;
			buildPhases = (
				85BDBA1720AAED42004B3C9B /* Sources */,
				85BDBA1820AAED42004B3C9B /* Frameworks */,
				85BDBA1920AAED42004B3C9B /* Resources */,
			);
			buildRules = (
			);
			dependencies = (
				85BDBA1D20AAED42004B3C9B /* PBXTargetDependency */,
			);
			name = GoiUpUITests;
			productName = GoiUpUITests;
			productReference = 85BDBA1B20AAED42004B3C9B /* GoiUpUITests.xctest */;
			productType = "com.apple.product-type.bundle.ui-testing";
		};
/* End PBXNativeTarget section */

/* Begin PBXProject section */
		85BDB9F420AAED42004B3C9B /* Project object */ = {
			isa = PBXProject;
			attributes = {
				LastSwiftUpdateCheck = 0920;
				LastUpgradeCheck = 0920;
				ORGANIZATIONNAME = "藤田麻里";
				TargetAttributes = {
					85BDB9FB20AAED42004B3C9B = {
						CreatedOnToolsVersion = 9.2;
						ProvisioningStyle = Automatic;
					};
					85BDBA0F20AAED42004B3C9B = {
						CreatedOnToolsVersion = 9.2;
						ProvisioningStyle = Automatic;
						TestTargetID = 85BDB9FB20AAED42004B3C9B;
					};
					85BDBA1A20AAED42004B3C9B = {
						CreatedOnToolsVersion = 9.2;
						ProvisioningStyle = Automatic;
						TestTargetID = 85BDB9FB20AAED42004B3C9B;
					};
				};
			};
			buildConfigurationList = 85BDB9F720AAED42004B3C9B /* Build configuration list for PBXProject "GoiUp" */;
			compatibilityVersion = "Xcode 8.0";
			developmentRegion = en;
			hasScannedForEncodings = 0;
			knownRegions = (
				en,
				Base,
			);
			mainGroup = 85BDB9F320AAED42004B3C9B;
			productRefGroup = 85BDB9FD20AAED42004B3C9B /* Products */;
			projectDirPath = "";
			projectRoot = "";
			targets = (
				85BDB9FB20AAED42004B3C9B /* GoiUp */,
				85BDBA0F20AAED42004B3C9B /* GoiUpTests */,
				85BDBA1A20AAED42004B3C9B /* GoiUpUITests */,
			);
		};
/* End PBXProject section */

/* Begin PBXResourcesBuildPhase section */
		85BDB9FA20AAED42004B3C9B /* Resources */ = {
			isa = PBXResourcesBuildPhase;
			buildActionMask = 2147483647;
			files = (
				85BDBA0A20AAED42004B3C9B /* LaunchScreen.storyboard in Resources */,
				85BDBA0720AAED42004B3C9B /* Assets.xcassets in Resources */,
				85BDBA0520AAED42004B3C9B /* Main.storyboard in Resources */,
			);
			runOnlyForDeploymentPostprocessing = 0;
		};
		85BDBA0E20AAED42004B3C9B /* Resources */ = {
			isa = PBXResourcesBuildPhase;
			buildActionMask = 2147483647;
			files = (
			);
			runOnlyForDeploymentPostprocessing = 0;
		};
		85BDBA1920AAED42004B3C9B /* Resources */ = {
			isa = PBXResourcesBuildPhase;
			buildActionMask = 2147483647;
			files = (
			);
			runOnlyForDeploymentPostprocessing = 0;
		};
/* End PBXResourcesBuildPhase section */

/* Begin PBXShellScriptBuildPhase section */
		11629C33B4862BB0ABC52780 /* [CP] Embed Pods Frameworks */ = {
			isa = PBXShellScriptBuildPhase;
			buildActionMask = 2147483647;
			files = (
			);
			inputPaths = (
				"${SRCROOT}/Pods/Target Support Files/Pods-GoiUp/Pods-GoiUp-frameworks.sh",
				"${BUILT_PRODUCTS_DIR}/PageMenu/PageMenu.framework",
			);
			name = "[CP] Embed Pods Frameworks";
			outputPaths = (
				"${TARGET_BUILD_DIR}/${FRAMEWORKS_FOLDER_PATH}/PageMenu.framework",
			);
			runOnlyForDeploymentPostprocessing = 0;
			shellPath = /bin/sh;
			shellScript = "\"${SRCROOT}/Pods/Target Support Files/Pods-GoiUp/Pods-GoiUp-frameworks.sh\"\n";
			showEnvVarsInLog = 0;
		};
		4A4210F9C2D4B566FF995287 /* [CP] Check Pods Manifest.lock */ = {
			isa = PBXShellScriptBuildPhase;
			buildActionMask = 2147483647;
			files = (
			);
			inputPaths = (
				"${PODS_PODFILE_DIR_PATH}/Podfile.lock",
				"${PODS_ROOT}/Manifest.lock",
			);
			name = "[CP] Check Pods Manifest.lock";
			outputPaths = (
				"$(DERIVED_FILE_DIR)/Pods-GoiUp-checkManifestLockResult.txt",
			);
			runOnlyForDeploymentPostprocessing = 0;
			shellPath = /bin/sh;
			shellScript = "diff \"${PODS_PODFILE_DIR_PATH}/Podfile.lock\" \"${PODS_ROOT}/Manifest.lock\" > /dev/null\nif [ $? != 0 ] ; then\n    # print error to STDERR\n    echo \"error: The sandbox is not in sync with the Podfile.lock. Run 'pod install' or update your CocoaPods installation.\" >&2\n    exit 1\nfi\n# This output is used by Xcode 'outputs' to avoid re-running this script phase.\necho \"SUCCESS\" > \"${SCRIPT_OUTPUT_FILE_0}\"\n";
			showEnvVarsInLog = 0;
		};
		C06F62C4A136393B447F0152 /* [CP] Copy Pods Resources */ = {
			isa = PBXShellScriptBuildPhase;
			buildActionMask = 2147483647;
			files = (
			);
			inputPaths = (
			);
			name = "[CP] Copy Pods Resources";
			outputPaths = (
			);
			runOnlyForDeploymentPostprocessing = 0;
			shellPath = /bin/sh;
			shellScript = "\"${SRCROOT}/Pods/Target Support Files/Pods-GoiUp/Pods-GoiUp-resources.sh\"\n";
			showEnvVarsInLog = 0;
		};
/* End PBXShellScriptBuildPhase section */

/* Begin PBXSourcesBuildPhase section */
		85BDB9F820AAED42004B3C9B /* Sources */ = {
			isa = PBXSourcesBuildPhase;
			buildActionMask = 2147483647;
			files = (
				85BDBA0220AAED42004B3C9B /* ViewController.swift in Sources */,
				85BDBA0020AAED42004B3C9B /* AppDelegate.swift in Sources */,
				853099C820BD5BBB00080BE8 /* ColorViewController.swift in Sources */,
				AA6B0CA920F4BB1700CF3081 /* FirstViewController.swift in Sources */,
				AA6B0CAB20F4BB2800CF3081 /* SecondViewController.swift in Sources */,
				859753CD20EB861D009E1C15 /* SLIDERViewController.swift in Sources */,
				AA6B0CAD20F4BB5100CF3081 /* ThirdViewController.swift in Sources */,
				85BDBA2E20AAED74004B3C9B /* Word.swift in Sources */,
			);
			runOnlyForDeploymentPostprocessing = 0;
		};
		85BDBA0C20AAED42004B3C9B /* Sources */ = {
			isa = PBXSourcesBuildPhase;
			buildActionMask = 2147483647;
			files = (
				85BDBA1520AAED42004B3C9B /* GoiUpTests.swift in Sources */,
			);
			runOnlyForDeploymentPostprocessing = 0;
		};
		85BDBA1720AAED42004B3C9B /* Sources */ = {
			isa = PBXSourcesBuildPhase;
			buildActionMask = 2147483647;
			files = (
				85BDBA2020AAED42004B3C9B /* GoiUpUITests.swift in Sources */,
			);
			runOnlyForDeploymentPostprocessing = 0;
		};
/* End PBXSourcesBuildPhase section */

/* Begin PBXTargetDependency section */
		85BDBA1220AAED42004B3C9B /* PBXTargetDependency */ = {
			isa = PBXTargetDependency;
			target = 85BDB9FB20AAED42004B3C9B /* GoiUp */;
			targetProxy = 85BDBA1120AAED42004B3C9B /* PBXContainerItemProxy */;
		};
		85BDBA1D20AAED42004B3C9B /* PBXTargetDependency */ = {
			isa = PBXTargetDependency;
			target = 85BDB9FB20AAED42004B3C9B /* GoiUp */;
			targetProxy = 85BDBA1C20AAED42004B3C9B /* PBXContainerItemProxy */;
		};
/* End PBXTargetDependency section */

/* Begin PBXVariantGroup section */
		85BDBA0320AAED42004B3C9B /* Main.storyboard */ = {
			isa = PBXVariantGroup;
			children = (
				85BDBA0420AAED42004B3C9B /* Base */,
			);
			name = Main.storyboard;
			sourceTree = "<group>";
		};
		85BDBA0820AAED42004B3C9B /* LaunchScreen.storyboard */ = {
			isa = PBXVariantGroup;
			children = (
				85BDBA0920AAED42004B3C9B /* Base */,
			);
			name = LaunchScreen.storyboard;
			sourceTree = "<group>";
		};
/* End PBXVariantGroup section */

/* Begin XCBuildConfiguration section */
		85BDBA2220AAED42004B3C9B /* Debug */ = {
			isa = XCBuildConfiguration;
			buildSettings = {
				ALWAYS_SEARCH_USER_PATHS = NO;
				CLANG_ANALYZER_NONNULL = YES;
				CLANG_ANALYZER_NUMBER_OBJECT_CONVERSION = YES_AGGRESSIVE;
				CLANG_CXX_LANGUAGE_STANDARD = "gnu++14";
				CLANG_CXX_LIBRARY = "libc++";
				CLANG_ENABLE_MODULES = YES;
				CLANG_ENABLE_OBJC_ARC = YES;
				CLANG_WARN_BLOCK_CAPTURE_AUTORELEASING = YES;
				CLANG_WARN_BOOL_CONVERSION = YES;
				CLANG_WARN_COMMA = YES;
				CLANG_WARN_CONSTANT_CONVERSION = YES;
				CLANG_WARN_DIRECT_OBJC_ISA_USAGE = YES_ERROR;
				CLANG_WARN_DOCUMENTATION_COMMENTS = YES;
				CLANG_WARN_EMPTY_BODY = YES;
				CLANG_WARN_ENUM_CONVERSION = YES;
				CLANG_WARN_INFINITE_RECURSION = YES;
				CLANG_WARN_INT_CONVERSION = YES;
				CLANG_WARN_NON_LITERAL_NULL_CONVERSION = YES;
				CLANG_WARN_OBJC_LITERAL_CONVERSION = YES;
				CLANG_WARN_OBJC_ROOT_CLASS = YES_ERROR;
				CLANG_WARN_RANGE_LOOP_ANALYSIS = YES;
				CLANG_WARN_STRICT_PROTOTYPES = YES;
				CLANG_WARN_SUSPICIOUS_MOVE = YES;
				CLANG_WARN_UNGUARDED_AVAILABILITY = YES_AGGRESSIVE;
				CLANG_WARN_UNREACHABLE_CODE = YES;
				CLANG_WARN__DUPLICATE_METHOD_MATCH = YES;
				CODE_SIGN_IDENTITY = "iPhone Developer";
				COPY_PHASE_STRIP = NO;
				DEBUG_INFORMATION_FORMAT = dwarf;
				ENABLE_STRICT_OBJC_MSGSEND = YES;
				ENABLE_TESTABILITY = YES;
				GCC_C_LANGUAGE_STANDARD = gnu11;
				GCC_DYNAMIC_NO_PIC = NO;
				GCC_NO_COMMON_BLOCKS = YES;
				GCC_OPTIMIZATION_LEVEL = 0;
				GCC_PREPROCESSOR_DEFINITIONS = (
					"DEBUG=1",
					"$(inherited)",
				);
				GCC_WARN_64_TO_32_BIT_CONVERSION = YES;
				GCC_WARN_ABOUT_RETURN_TYPE = YES_ERROR;
				GCC_WARN_UNDECLARED_SELECTOR = YES;
				GCC_WARN_UNINITIALIZED_AUTOS = YES_AGGRESSIVE;
				GCC_WARN_UNUSED_FUNCTION = YES;
				GCC_WARN_UNUSED_VARIABLE = YES;
				IPHONEOS_DEPLOYMENT_TARGET = 11.2;
				MTL_ENABLE_DEBUG_INFO = YES;
				ONLY_ACTIVE_ARCH = YES;
				SDKROOT = iphoneos;
				SWIFT_ACTIVE_COMPILATION_CONDITIONS = DEBUG;
				SWIFT_OPTIMIZATION_LEVEL = "-Onone";
			};
			name = Debug;
		};
		85BDBA2320AAED42004B3C9B /* Release */ = {
			isa = XCBuildConfiguration;
			buildSettings = {
				ALWAYS_SEARCH_USER_PATHS = NO;
				CLANG_ANALYZER_NONNULL = YES;
				CLANG_ANALYZER_NUMBER_OBJECT_CONVERSION = YES_AGGRESSIVE;
				CLANG_CXX_LANGUAGE_STANDARD = "gnu++14";
				CLANG_CXX_LIBRARY = "libc++";
				CLANG_ENABLE_MODULES = YES;
				CLANG_ENABLE_OBJC_ARC = YES;
				CLANG_WARN_BLOCK_CAPTURE_AUTORELEASING = YES;
				CLANG_WARN_BOOL_CONVERSION = YES;
				CLANG_WARN_COMMA = YES;
				CLANG_WARN_CONSTANT_CONVERSION = YES;
				CLANG_WARN_DIRECT_OBJC_ISA_USAGE = YES_ERROR;
				CLANG_WARN_DOCUMENTATION_COMMENTS = YES;
				CLANG_WARN_EMPTY_BODY = YES;
				CLANG_WARN_ENUM_CONVERSION = YES;
				CLANG_WARN_INFINITE_RECURSION = YES;
				CLANG_WARN_INT_CONVERSION = YES;
				CLANG_WARN_NON_LITERAL_NULL_CONVERSION = YES;
				CLANG_WARN_OBJC_LITERAL_CONVERSION = YES;
				CLANG_WARN_OBJC_ROOT_CLASS = YES_ERROR;
				CLANG_WARN_RANGE_LOOP_ANALYSIS = YES;
				CLANG_WARN_STRICT_PROTOTYPES = YES;
				CLANG_WARN_SUSPICIOUS_MOVE = YES;
				CLANG_WARN_UNGUARDED_AVAILABILITY = YES_AGGRESSIVE;
				CLANG_WARN_UNREACHABLE_CODE = YES;
				CLANG_WARN__DUPLICATE_METHOD_MATCH = YES;
				CODE_SIGN_IDENTITY = "iPhone Developer";
				COPY_PHASE_STRIP = NO;
				DEBUG_INFORMATION_FORMAT = "dwarf-with-dsym";
				ENABLE_NS_ASSERTIONS = NO;
				ENABLE_STRICT_OBJC_MSGSEND = YES;
				GCC_C_LANGUAGE_STANDARD = gnu11;
				GCC_NO_COMMON_BLOCKS = YES;
				GCC_WARN_64_TO_32_BIT_CONVERSION = YES;
				GCC_WARN_ABOUT_RETURN_TYPE = YES_ERROR;
				GCC_WARN_UNDECLARED_SELECTOR = YES;
				GCC_WARN_UNINITIALIZED_AUTOS = YES_AGGRESSIVE;
				GCC_WARN_UNUSED_FUNCTION = YES;
				GCC_WARN_UNUSED_VARIABLE = YES;
				IPHONEOS_DEPLOYMENT_TARGET = 11.2;
				MTL_ENABLE_DEBUG_INFO = NO;
				SDKROOT = iphoneos;
				SWIFT_OPTIMIZATION_LEVEL = "-Owholemodule";
				VALIDATE_PRODUCT = YES;
			};
			name = Release;
		};
		85BDBA2520AAED42004B3C9B /* Debug */ = {
			isa = XCBuildConfiguration;
			baseConfigurationReference = 262636661C97B1BCB11DCD91 /* Pods-GoiUp.debug.xcconfig */;
			buildSettings = {
				ASSETCATALOG_COMPILER_APPICON_NAME = AppIcon;
				CODE_SIGN_STYLE = Automatic;
				INFOPLIST_FILE = GoiUp/Info.plist;
				LD_RUNPATH_SEARCH_PATHS = "$(inherited) @executable_path/Frameworks";
				PRODUCT_BUNDLE_IDENTIFIER = saba.GoiUp;
				PRODUCT_NAME = "$(TARGET_NAME)";
				SWIFT_VERSION = 4.0;
				TARGETED_DEVICE_FAMILY = "1,2";
			};
			name = Debug;
		};
		85BDBA2620AAED42004B3C9B /* Release */ = {
			isa = XCBuildConfiguration;
			baseConfigurationReference = 8C3BA87B713710E963AB027E /* Pods-GoiUp.release.xcconfig */;
			buildSettings = {
				ASSETCATALOG_COMPILER_APPICON_NAME = AppIcon;
				CODE_SIGN_STYLE = Automatic;
				INFOPLIST_FILE = GoiUp/Info.plist;
				LD_RUNPATH_SEARCH_PATHS = "$(inherited) @executable_path/Frameworks";
				PRODUCT_BUNDLE_IDENTIFIER = saba.GoiUp;
				PRODUCT_NAME = "$(TARGET_NAME)";
				SWIFT_VERSION = 4.0;
				TARGETED_DEVICE_FAMILY = "1,2";
			};
			name = Release;
		};
		85BDBA2820AAED42004B3C9B /* Debug */ = {
			isa = XCBuildConfiguration;
			buildSettings = {
				ALWAYS_EMBED_SWIFT_STANDARD_LIBRARIES = YES;
				BUNDLE_LOADER = "$(TEST_HOST)";
				CODE_SIGN_STYLE = Automatic;
				INFOPLIST_FILE = GoiUpTests/Info.plist;
				LD_RUNPATH_SEARCH_PATHS = "$(inherited) @executable_path/Frameworks @loader_path/Frameworks";
				PRODUCT_BUNDLE_IDENTIFIER = saba.GoiUpTests;
				PRODUCT_NAME = "$(TARGET_NAME)";
				SWIFT_VERSION = 4.0;
				TARGETED_DEVICE_FAMILY = "1,2";
				TEST_HOST = "$(BUILT_PRODUCTS_DIR)/GoiUp.app/GoiUp";
			};
			name = Debug;
		};
		85BDBA2920AAED42004B3C9B /* Release */ = {
			isa = XCBuildConfiguration;
			buildSettings = {
				ALWAYS_EMBED_SWIFT_STANDARD_LIBRARIES = YES;
				BUNDLE_LOADER = "$(TEST_HOST)";
				CODE_SIGN_STYLE = Automatic;
				INFOPLIST_FILE = GoiUpTests/Info.plist;
				LD_RUNPATH_SEARCH_PATHS = "$(inherited) @executable_path/Frameworks @loader_path/Frameworks";
				PRODUCT_BUNDLE_IDENTIFIER = saba.GoiUpTests;
				PRODUCT_NAME = "$(TARGET_NAME)";
				SWIFT_VERSION = 4.0;
				TARGETED_DEVICE_FAMILY = "1,2";
				TEST_HOST = "$(BUILT_PRODUCTS_DIR)/GoiUp.app/GoiUp";
			};
			name = Release;
		};
		85BDBA2B20AAED42004B3C9B /* Debug */ = {
			isa = XCBuildConfiguration;
			buildSettings = {
				ALWAYS_EMBED_SWIFT_STANDARD_LIBRARIES = YES;
				CODE_SIGN_STYLE = Automatic;
				INFOPLIST_FILE = GoiUpUITests/Info.plist;
				LD_RUNPATH_SEARCH_PATHS = "$(inherited) @executable_path/Frameworks @loader_path/Frameworks";
				PRODUCT_BUNDLE_IDENTIFIER = saba.GoiUpUITests;
				PRODUCT_NAME = "$(TARGET_NAME)";
				SWIFT_VERSION = 4.0;
				TARGETED_DEVICE_FAMILY = "1,2";
				TEST_TARGET_NAME = GoiUp;
			};
			name = Debug;
		};
		85BDBA2C20AAED42004B3C9B /* Release */ = {
			isa = XCBuildConfiguration;
			buildSettings = {
				ALWAYS_EMBED_SWIFT_STANDARD_LIBRARIES = YES;
				CODE_SIGN_STYLE = Automatic;
				INFOPLIST_FILE = GoiUpUITests/Info.plist;
				LD_RUNPATH_SEARCH_PATHS = "$(inherited) @executable_path/Frameworks @loader_path/Frameworks";
				PRODUCT_BUNDLE_IDENTIFIER = saba.GoiUpUITests;
				PRODUCT_NAME = "$(TARGET_NAME)";
				SWIFT_VERSION = 4.0;
				TARGETED_DEVICE_FAMILY = "1,2";
				TEST_TARGET_NAME = GoiUp;
			};
			name = Release;
		};
/* End XCBuildConfiguration section */

/* Begin XCConfigurationList section */
		85BDB9F720AAED42004B3C9B /* Build configuration list for PBXProject "GoiUp" */ = {
			isa = XCConfigurationList;
			buildConfigurations = (
				85BDBA2220AAED42004B3C9B /* Debug */,
				85BDBA2320AAED42004B3C9B /* Release */,
			);
			defaultConfigurationIsVisible = 0;
			defaultConfigurationName = Release;
		};
		85BDBA2420AAED42004B3C9B /* Build configuration list for PBXNativeTarget "GoiUp" */ = {
			isa = XCConfigurationList;
			buildConfigurations = (
				85BDBA2520AAED42004B3C9B /* Debug */,
				85BDBA2620AAED42004B3C9B /* Release */,
			);
			defaultConfigurationIsVisible = 0;
			defaultConfigurationName = Release;
		};
		85BDBA2720AAED42004B3C9B /* Build configuration list for PBXNativeTarget "GoiUpTests" */ = {
			isa = XCConfigurationList;
			buildConfigurations = (
				85BDBA2820AAED42004B3C9B /* Debug */,
				85BDBA2920AAED42004B3C9B /* Release */,
			);
			defaultConfigurationIsVisible = 0;
			defaultConfigurationName = Release;
		};
		85BDBA2A20AAED42004B3C9B /* Build configuration list for PBXNativeTarget "GoiUpUITests" */ = {
			isa = XCConfigurationList;
			buildConfigurations = (
				85BDBA2B20AAED42004B3C9B /* Debug */,
				85BDBA2C20AAED42004B3C9B /* Release */,
			);
			defaultConfigurationIsVisible = 0;
			defaultConfigurationName = Release;
		};
/* End XCConfigurationList section */
	};
	rootObject = 85BDB9F420AAED42004B3C9B /* Project object */;
}
